
Microsoft Visual Studio Solution File, Format Version 12.00
# Visual Studio 15
VisualStudioVersion = 15.0.27428.1
MinimumVisualStudioVersion = 10.0.40219.1
Project("{FAE04EC0-301F-11D3-BF4B-00C04F79EFBC}") = "GestionDeProductos", "GestionDeProductos\GestionDeProductos.csproj", "{8E09F32C-ED42-4BA7-9F42-2C3404C3AE6D}"
EndProject
Global
	GlobalSection(SolutionConfigurationPlatforms) = preSolution
		Debug|Any CPU = Debug|Any CPU
		Release|Any CPU = Release|Any CPU
	EndGlobalSection
	GlobalSection(ProjectConfigurationPlatforms) = postSolution
		{8E09F32C-ED42-4BA7-9F42-2C3404C3AE6D}.Debug|Any CPU.ActiveCfg = Debug|Any CPU
		{8E09F32C-ED42-4BA7-9F42-2C3404C3AE6D}.Debug|Any CPU.Build.0 = Debug|Any CPU
		{8E09F32C-ED42-4BA7-9F42-2C3404C3AE6D}.Release|Any CPU.ActiveCfg = Release|Any CPU
		{8E09F32C-ED42-4BA7-9F42-2C3404C3AE6D}.Release|Any CPU.Build.0 = Release|Any CPU
	EndGlobalSection
	GlobalSection(SolutionProperties) = preSolution
		HideSolutionNode = FALSE
	EndGlobalSection
	GlobalSection(ExtensibilityGlobals) = postSolution
		SolutionGuid = {01A9FEA7-8CFA-4491-B901-4E8559B3FB73}
	EndGlobalSection
EndGlobal
